<?xml version="1.0" encoding="utf-8"?>
<Project ToolsVersion="4.0" xmlns="http://schemas.microsoft.com/developer/msbuild/2003">
  <ItemGroup>
    <Filter Include="Исходные файлы">
      <UniqueIdentifier>{4FC737F1-C7A5-4376-A066-2A32D752A2FF}</UniqueIdentifier>
      <Extensions>cpp;c;cc;cxx;c++;cppm;ixx;def;odl;idl;hpj;bat;asm;asmx</Extensions>
    </Filter>
    <Filter Include="Файлы заголовков">
      <UniqueIdentifier>{93995380-89BD-4b04-88EB-625FBE52EBFB}</UniqueIdentifier>
      <Extensions>h;hh;hpp;hxx;h++;hm;inl;inc;ipp;xsd</Extensions>
    </Filter>
    <Filter Include="Файлы ресурсов">
      <UniqueIdentifier>{67DA6AB6-F800-4c08-8B7A-83BB121AAD01}</UniqueIdentifier>
      <Extensions>rc;ico;cur;bmp;dlg;rc2;rct;bin;rgs;gif;jpg;jpeg;jpe;resx;tiff;tif;png;wav;mfcribbon-ms</Extensions>
    </Filter>
    <Filter Include="Файлы заголовков\Core">
      <UniqueIdentifier>{7f8949a5-3353-4464-8ed6-f6148eeee3cd}</UniqueIdentifier>
    </Filter>
    <Filter Include="Исходные файлы\Core">
      <UniqueIdentifier>{f055cdfa-b16d-4343-b8e3-3b78fe3e7225}</UniqueIdentifier>
    </Filter>
    <Filter Include="Файлы заголовков\Bean">
      <UniqueIdentifier>{a9f79220-cc32-45cc-890e-1f269d93032c}</UniqueIdentifier>
    </Filter>
    <Filter Include="Исходные файлы\Bean">
      <UniqueIdentifier>{40dcd7d4-5034-4c16-b529-0cc8b2f0af91}</UniqueIdentifier>
    </Filter>
    <Filter Include="Файлы заголовков\Gui">
      <UniqueIdentifier>{6898a2fb-c942-4f8d-9a1e-5b3cfb230b8b}</UniqueIdentifier>
    </Filter>
    <Filter Include="Исходные файлы\Gui">
      <UniqueIdentifier>{d1a6d5e1-2b43-428d-a5be-f354322a7f97}</UniqueIdentifier>
    </Filter>
    <Filter Include="Файлы заголовков\OsGui">
      <UniqueIdentifier>{4cc65761-542c-455c-9a0c-53241b2586b8}</UniqueIdentifier>
    </Filter>
    <Filter Include="Файлы заголовков\OsGui\Windows">
      <UniqueIdentifier>{4584c05c-02d5-4695-a802-fe074de2cbca}</UniqueIdentifier>
    </Filter>
    <Filter Include="Файлы заголовков\OsGui\Linux">
      <UniqueIdentifier>{a018b159-a960-402f-adf1-f0b3f9794d4e}</UniqueIdentifier>
    </Filter>
    <Filter Include="Файлы заголовков\Painter">
      <UniqueIdentifier>{ad50eefb-8bc4-43cf-8bbe-66aa23e9bfaa}</UniqueIdentifier>
    </Filter>
    <Filter Include="Файлы заголовков\Painter\Windows">
      <UniqueIdentifier>{e0d06734-0c54-4d62-86a8-5666f5c7afbd}</UniqueIdentifier>
    </Filter>
    <Filter Include="Файлы заголовков\Painter\Linux">
      <UniqueIdentifier>{821a5c4a-dd1e-42f7-bb82-64f131bd79f3}</UniqueIdentifier>
    </Filter>
    <Filter Include="Исходные файлы\OsGui">
      <UniqueIdentifier>{347afd4a-b1b6-4777-baa1-88cdb945c1bf}</UniqueIdentifier>
    </Filter>
    <Filter Include="Файлы заголовков\Core\EventManager">
      <UniqueIdentifier>{95140822-ea34-40e3-90af-47c3e2c0f321}</UniqueIdentifier>
    </Filter>
    <Filter Include="Исходные файлы\Core\EventManager">
      <UniqueIdentifier>{799c7199-c2a6-4a86-82a3-f90f1d78bd78}</UniqueIdentifier>
    </Filter>
    <Filter Include="Исходные файлы\Painter">
      <UniqueIdentifier>{4361adad-3249-4570-83bb-305696891da7}</UniqueIdentifier>
    </Filter>
    <Filter Include="Исходные файлы\Painter\Linux">
      <UniqueIdentifier>{c02394c7-4839-423c-9c26-d067b927ca32}</UniqueIdentifier>
    </Filter>
    <Filter Include="Исходные файлы\Painter\Windows">
      <UniqueIdentifier>{91f8dc6f-52d5-4acd-91a6-e2e8355b9f4b}</UniqueIdentifier>
    </Filter>
    <Filter Include="Файлы заголовков\SystemManager">
      <UniqueIdentifier>{df26f567-19ae-45e4-a728-62490b824fed}</UniqueIdentifier>
    </Filter>
    <Filter Include="Исходные файлы\SystemManager">
      <UniqueIdentifier>{efeb5154-a5ac-44ea-a0af-31ccef68f5ce}</UniqueIdentifier>
    </Filter>
    <Filter Include="Исходные файлы\SystemManager\Windows">
      <UniqueIdentifier>{d8989af9-7b3d-49ad-b567-2dd88f42cfb3}</UniqueIdentifier>
    </Filter>
    <Filter Include="Файлы заголовков\SystemManager\Windows">
      <UniqueIdentifier>{1d3273f6-1a97-42a0-9f78-095c86879acc}</UniqueIdentifier>
    </Filter>
    <Filter Include="Исходные файлы\OsGui\Windows">
      <UniqueIdentifier>{1a45fcc5-d808-4154-94a0-20c1fe594a9a}</UniqueIdentifier>
    </Filter>
    <Filter Include="Файлы заголовков\Application">
      <UniqueIdentifier>{731c5c13-374a-4bfc-9729-34f4b55db711}</UniqueIdentifier>
    </Filter>
    <Filter Include="Исходные файлы\Application">
      <UniqueIdentifier>{c2399006-1171-4755-a6c5-4b3226278f69}</UniqueIdentifier>
    </Filter>
    <Filter Include="Файлы заголовков\Gui\EventStructures">
      <UniqueIdentifier>{1bc67714-6717-448e-a673-1f9f7b66463f}</UniqueIdentifier>
    </Filter>
    <Filter Include="Файлы заголовков\Gui\Layout">
      <UniqueIdentifier>{3a114406-0589-494c-987c-9b4655b8d8e4}</UniqueIdentifier>
    </Filter>
    <Filter Include="Исходные файлы\Gui\Layout">
      <UniqueIdentifier>{4ca85b5c-3ca8-4ac0-bcc0-c58571ccf86f}</UniqueIdentifier>
    </Filter>
    <Filter Include="Файлы заголовков\Painter\Font">
      <UniqueIdentifier>{0f2e4000-92e0-4f28-a151-ede5d556485f}</UniqueIdentifier>
    </Filter>
    <Filter Include="Файлы заголовков\Painter\Font\Windows">
      <UniqueIdentifier>{6a9e468e-4c14-4565-98bd-389d98026f16}</UniqueIdentifier>
    </Filter>
    <Filter Include="Исходные файлы\Painter\Font">
      <UniqueIdentifier>{f6969423-2879-4fed-9898-f78d3ee9d309}</UniqueIdentifier>
    </Filter>
    <Filter Include="Исходные файлы\Painter\Font\Windows">
      <UniqueIdentifier>{2c50f468-38c9-4241-af59-e628991ffe84}</UniqueIdentifier>
    </Filter>
    <Filter Include="Исходные файлы\Painter\Brush">
      <UniqueIdentifier>{4ae747a3-335a-4fd8-800b-0c8b30c685d2}</UniqueIdentifier>
    </Filter>
    <Filter Include="Исходные файлы\Painter\Brush\Windows">
      <UniqueIdentifier>{3414ea1d-64bd-4413-b2de-87ca32d28bc1}</UniqueIdentifier>
    </Filter>
    <Filter Include="Файлы заголовков\Painter\Brush">
      <UniqueIdentifier>{3b9c11ab-cd5f-4164-8c78-8a70d78d49f3}</UniqueIdentifier>
    </Filter>
    <Filter Include="Файлы заголовков\Painter\Brush\Windows">
      <UniqueIdentifier>{65251e48-d76a-49a4-9fca-ec1973fd0ec6}</UniqueIdentifier>
    </Filter>
    <Filter Include="Исходные файлы\Gui\Controls">
      <UniqueIdentifier>{bd0290a6-904a-440f-9003-e7ae51ae9482}</UniqueIdentifier>
    </Filter>
    <Filter Include="Исходные файлы\Gui\Controls\Label">
      <UniqueIdentifier>{df91e4c6-e9a9-43f9-832b-5bda65911855}</UniqueIdentifier>
    </Filter>
    <Filter Include="Файлы заголовков\Gui\Controls">
      <UniqueIdentifier>{5a5ff128-147b-4d7f-9369-9759a3e080a8}</UniqueIdentifier>
    </Filter>
    <Filter Include="Файлы заголовков\Gui\Controls\Label">
      <UniqueIdentifier>{089edb6d-84ac-443e-8ddd-e4be3fb6f123}</UniqueIdentifier>
    </Filter>
    <Filter Include="Файлы заголовков\Tools">
      <UniqueIdentifier>{bc67ad25-5ba3-4b4a-9244-1b1d6a8f1755}</UniqueIdentifier>
    </Filter>
    <Filter Include="Файлы заголовков\Tools\Bitmap">
      <UniqueIdentifier>{546bacb2-3ee5-4c01-9c8a-bd71f088dff3}</UniqueIdentifier>
    </Filter>
    <Filter Include="Файлы заголовков\Tools\Bitmap\Windows">
      <UniqueIdentifier>{a9c50bef-0a3e-4215-a42d-4076ac374068}</UniqueIdentifier>
    </Filter>
    <Filter Include="Исходные файлы\Tools">
      <UniqueIdentifier>{ad86cd00-08b7-4c61-87bc-8d335f61fbdb}</UniqueIdentifier>
    </Filter>
    <Filter Include="Исходные файлы\Tools\Bitmap">
      <UniqueIdentifier>{a4d98805-7a91-4017-8701-6be23943624f}</UniqueIdentifier>
    </Filter>
    <Filter Include="Исходные файлы\Tools\Bitmap\Windows">
      <UniqueIdentifier>{58dbafd3-5c74-4619-9b0e-8d0d49f9475c}</UniqueIdentifier>
    </Filter>
    <Filter Include="Файлы заголовков\Tools\Cursor">
      <UniqueIdentifier>{70ed4ab6-415c-4700-8d8b-43a17accf07d}</UniqueIdentifier>
    </Filter>
    <Filter Include="Исходные файлы\Tools\Cursor">
      <UniqueIdentifier>{45b80927-3288-41dc-aa7e-9bcc272fab20}</UniqueIdentifier>
    </Filter>
    <Filter Include="Файлы заголовков\Gui\Controls\Caption">
      <UniqueIdentifier>{86b8a390-dfbb-4f9d-ac3b-81c6c2735e29}</UniqueIdentifier>
    </Filter>
    <Filter Include="Исходные файлы\Gui\Controls\Caption">
      <UniqueIdentifier>{1033453d-4407-4edd-a3ad-d2ce7e51f8ac}</UniqueIdentifier>
    </Filter>
    <Filter Include="Файлы заголовков\Gui\Border">
      <UniqueIdentifier>{450dfa20-5573-4f12-9223-1cf005cc0c29}</UniqueIdentifier>
    </Filter>
    <Filter Include="Файлы заголовков\Tools\IGeometry">
      <UniqueIdentifier>{78658fb9-b42f-4073-8fa7-10319dd9d7dd}</UniqueIdentifier>
    </Filter>
    <Filter Include="Исходные файлы\Tools\IGeometry">
      <UniqueIdentifier>{b715371c-9aa4-4530-b2ce-8ca4bbc97d40}</UniqueIdentifier>
    </Filter>
    <Filter Include="Исходные файлы\Tools\IGeometry\Windows">
      <UniqueIdentifier>{3f11d8ea-f202-41e6-a49b-f1e0bf78784f}</UniqueIdentifier>
    </Filter>
    <Filter Include="Файлы заголовков\Tools\IGeometry\Windows">
      <UniqueIdentifier>{f083a4b8-1cd7-43f1-b287-1d7836eca101}</UniqueIdentifier>
    </Filter>
    <Filter Include="Файлы заголовков\Painter\Pen">
      <UniqueIdentifier>{613e3d96-bbc0-4d34-bd62-ac8d1812a1f1}</UniqueIdentifier>
    </Filter>
    <Filter Include="Файлы заголовков\Painter\Pen\Windows">
      <UniqueIdentifier>{d6b8607a-e7fb-4e95-8829-8c27862061d1}</UniqueIdentifier>
    </Filter>
    <Filter Include="Исходные файлы\Painter\Pen">
      <UniqueIdentifier>{5de7fa6f-a792-4597-9a4c-2496d9826eb3}</UniqueIdentifier>
    </Filter>
    <Filter Include="Исходные файлы\Painter\Pen\Windows">
      <UniqueIdentifier>{822d2277-5207-4add-b174-9e8ec02159b2}</UniqueIdentifier>
    </Filter>
  </ItemGroup>
  <ItemGroup>
    <ClCompile Include="dllmain.cpp">
      <Filter>Исходные файлы</Filter>
    </ClCompile>
    <ClCompile Include="Core\Object.cpp">
      <Filter>Исходные файлы\Core</Filter>
    </ClCompile>
    <ClCompile Include="Bean\Exception.cpp">
      <Filter>Исходные файлы\Bean</Filter>
    </ClCompile>
    <ClCompile Include="Core\EventHandler.cpp">
      <Filter>Исходные файлы\Core</Filter>
    </ClCompile>
    <ClCompile Include="Gui\Widget.cpp">
      <Filter>Исходные файлы\Gui</Filter>
    </ClCompile>
    <ClCompile Include="OsGui\IWindow.cpp">
      <Filter>Исходные файлы\OsGui</Filter>
    </ClCompile>
    <ClCompile Include="Core\EventManager\QueueEventManager.cpp">
      <Filter>Исходные файлы\Core\EventManager</Filter>
    </ClCompile>
    <ClCompile Include="Painter\Windows\PainterD2D.cpp">
      <Filter>Исходные файлы\Painter\Windows</Filter>
    </ClCompile>
    <ClCompile Include="Bean\Settings.cpp">
      <Filter>Исходные файлы\Bean</Filter>
    </ClCompile>
    <ClCompile Include="SystemManager\Windows\WindowsSystemManager.cpp">
      <Filter>Исходные файлы\SystemManager\Windows</Filter>
    </ClCompile>
    <ClCompile Include="OsGui\Windows\WindowWin32.cpp">
      <Filter>Исходные файлы\OsGui\Windows</Filter>
    </ClCompile>
    <ClCompile Include="OsGui\WindowFactory.cpp">
      <Filter>Исходные файлы\OsGui</Filter>
    </ClCompile>
    <ClCompile Include="Application\NkApplication.cpp">
      <Filter>Исходные файлы\Application</Filter>
    </ClCompile>
    <ClCompile Include="Core\EventManager\EventManagerFactory.cpp">
      <Filter>Исходные файлы\Core\EventManager</Filter>
    </ClCompile>
    <ClCompile Include="Gui\Layout\DefaultLayout.cpp">
      <Filter>Исходные файлы\Gui\Layout</Filter>
    </ClCompile>
    <ClCompile Include="Painter\Font\Windows\FontD2D.cpp">
      <Filter>Исходные файлы\Painter\Font\Windows</Filter>
    </ClCompile>
    <ClCompile Include="Painter\Brush\Windows\BrushD2D.cpp">
      <Filter>Исходные файлы\Painter\Brush\Windows</Filter>
    </ClCompile>
    <ClCompile Include="Gui\Controls\Label\ILabel.cpp">
      <Filter>Исходные файлы\Gui\Controls\Label</Filter>
    </ClCompile>
    <ClCompile Include="Gui\Controls\Label\Label.cpp">
      <Filter>Исходные файлы\Gui\Controls\Label</Filter>
    </ClCompile>
    <ClCompile Include="Tools\Bitmap\IBitmap.cpp">
      <Filter>Исходные файлы\Tools\Bitmap</Filter>
    </ClCompile>
    <ClCompile Include="Tools\Bitmap\Windows\WicBitmap.cpp">
      <Filter>Исходные файлы\Tools\Bitmap\Windows</Filter>
    </ClCompile>
    <ClCompile Include="Tools\Cursor\ICursor.cpp">
      <Filter>Исходные файлы\Tools\Cursor</Filter>
    </ClCompile>
    <ClCompile Include="Gui\Controls\Caption\MainCaption.cpp">
      <Filter>Исходные файлы\Gui\Controls\Caption</Filter>
    </ClCompile>
    <ClCompile Include="Gui\Controls\Caption\ICaption.cpp">
      <Filter>Исходные файлы\Gui\Controls\Caption</Filter>
    </ClCompile>
    <ClCompile Include="Gui\Controls\ITextElement.cpp">
      <Filter>Исходные файлы\Gui\Controls</Filter>
    </ClCompile>
    <ClCompile Include="Tools\IGeometry\IGeometry.cpp">
      <Filter>Исходные файлы\Tools\IGeometry</Filter>
    </ClCompile>
    <ClCompile Include="Tools\IGeometry\Windows\GeometryD2D.cpp">
      <Filter>Исходные файлы\Tools\IGeometry\Windows</Filter>
    </ClCompile>
    <ClCompile Include="Painter\Pen\Windows\PenD2D.cpp">
      <Filter>Исходные файлы\Painter\Pen\Windows</Filter>
    </ClCompile>
  </ItemGroup>
  <ItemGroup>
    <ClInclude Include="Bean\Config.h">
      <Filter>Файлы заголовков\Bean</Filter>
    </ClInclude>
    <ClInclude Include="Core\Object.h">
      <Filter>Файлы заголовков\Core</Filter>
    </ClInclude>
    <ClInclude Include="Bean\Exception.h">
      <Filter>Файлы заголовков\Bean</Filter>
    </ClInclude>
    <ClInclude Include="Core\EventHandler.h">
      <Filter>Файлы заголовков\Core</Filter>
    </ClInclude>
    <ClInclude Include="Gui\Widget.h">
      <Filter>Файлы заголовков\Gui</Filter>
    </ClInclude>
    <ClInclude Include="OsGui\IWindow.h">
      <Filter>Файлы заголовков\OsGui</Filter>
    </ClInclude>
    <ClInclude Include="OsGui\Windows\WindowWin32.h">
      <Filter>Файлы заголовков\OsGui\Windows</Filter>
    </ClInclude>
    <ClInclude Include="OsGui\WindowFactory.h">
      <Filter>Файлы заголовков\OsGui</Filter>
    </ClInclude>
    <ClInclude Include="Painter\IPainter.h">
      <Filter>Файлы заголовков\Painter</Filter>
    </ClInclude>
    <ClInclude Include="Painter\PainterFactory.h">
      <Filter>Файлы заголовков\Painter</Filter>
    </ClInclude>
    <ClInclude Include="Core\EventManager\IEventManager.h">
      <Filter>Файлы заголовков\Core\EventManager</Filter>
    </ClInclude>
    <ClInclude Include="Core\EventManager\EventManagerFactory.h">
      <Filter>Файлы заголовков\Core\EventManager</Filter>
    </ClInclude>
    <ClInclude Include="Core\EventManager\QueueEventManager.h">
      <Filter>Файлы заголовков\Core\EventManager</Filter>
    </ClInclude>
    <ClInclude Include="Painter\Windows\PainterD2D.h">
      <Filter>Файлы заголовков\Painter\Windows</Filter>
    </ClInclude>
    <ClInclude Include="Bean\Settings.h">
      <Filter>Файлы заголовков\Bean</Filter>
    </ClInclude>
    <ClInclude Include="SystemManager\ISystemManager.h">
      <Filter>Файлы заголовков\SystemManager</Filter>
    </ClInclude>
    <ClInclude Include="SystemManager\Windows\WindowsSystemManager.h">
      <Filter>Файлы заголовков\SystemManager\Windows</Filter>
    </ClInclude>
    <ClInclude Include="Application\NkApplication.h">
      <Filter>Файлы заголовков\Application</Filter>
    </ClInclude>
    <ClInclude Include="Gui\EventStructures\MouseStructure.h">
      <Filter>Файлы заголовков\Gui\EventStructures</Filter>
    </ClInclude>
    <ClInclude Include="Gui\Layout\ILayout.h">
      <Filter>Файлы заголовков\Gui\Layout</Filter>
    </ClInclude>
    <ClInclude Include="Gui\Layout\DefaultLayout.h">
      <Filter>Файлы заголовков\Gui\Layout</Filter>
    </ClInclude>
    <ClInclude Include="Painter\Font\IFont.h">
      <Filter>Файлы заголовков\Painter\Font</Filter>
    </ClInclude>
    <ClInclude Include="Painter\Font\Windows\FontD2D.h">
      <Filter>Файлы заголовков\Painter\Font\Windows</Filter>
    </ClInclude>
    <ClInclude Include="Painter\Brush\IBrush.h">
      <Filter>Файлы заголовков\Painter\Brush</Filter>
    </ClInclude>
    <ClInclude Include="Painter\Brush\Windows\BrushD2D.h">
      <Filter>Файлы заголовков\Painter\Brush\Windows</Filter>
    </ClInclude>
    <ClInclude Include="Gui\Controls\Label\ILabel.h">
      <Filter>Файлы заголовков\Gui\Controls\Label</Filter>
    </ClInclude>
    <ClInclude Include="Gui\Controls\Label\Label.h">
      <Filter>Файлы заголовков\Gui\Controls\Label</Filter>
    </ClInclude>
    <ClInclude Include="Gui\Controls\ITextElement.h">
      <Filter>Файлы заголовков\Gui\Controls</Filter>
    </ClInclude>
    <ClInclude Include="Tools\Bitmap\IBitmap.h">
      <Filter>Файлы заголовков\Tools\Bitmap</Filter>
    </ClInclude>
    <ClInclude Include="Tools\Bitmap\Windows\WicBitmap.h">
      <Filter>Файлы заголовков\Tools\Bitmap\Windows</Filter>
    </ClInclude>
    <ClInclude Include="Tools\Cursor\ICursor.h">
      <Filter>Файлы заголовков\Tools\Cursor</Filter>
    </ClInclude>
    <ClInclude Include="Gui\Controls\Caption\ICaption.h">
      <Filter>Файлы заголовков\Gui\Controls\Caption</Filter>
    </ClInclude>
    <ClInclude Include="Gui\Controls\Caption\MainCaption.h">
      <Filter>Файлы заголовков\Gui\Controls\Caption</Filter>
    </ClInclude>
    <ClInclude Include="Gui\Border\IBorder.h">
      <Filter>Файлы заголовков\Gui\Border</Filter>
    </ClInclude>
    <ClInclude Include="Tools\IGeometry\IGeometry.h">
      <Filter>Файлы заголовков\Tools\IGeometry</Filter>
    </ClInclude>
    <ClInclude Include="Tools\IGeometry\Windows\GeometryD2D.h">
      <Filter>Файлы заголовков\Tools\IGeometry\Windows</Filter>
    </ClInclude>
    <ClInclude Include="Painter\Pen\IPen.h">
      <Filter>Файлы заголовков\Painter\Pen</Filter>
    </ClInclude>
    <ClInclude Include="Painter\Pen\Windows\PenD2D.h">
      <Filter>Файлы заголовков\Painter\Pen\Windows</Filter>
    </ClInclude>
  </ItemGroup>
</Project>