<?xml version="1.0" encoding="utf-8"?>
<Project ToolsVersion="4.0" xmlns="http://schemas.microsoft.com/developer/msbuild/2003">
  <ItemGroup>
    <Filter Include="Исходные файлы">
      <UniqueIdentifier>{4FC737F1-C7A5-4376-A066-2A32D752A2FF}</UniqueIdentifier>
      <Extensions>cpp;c;cc;cxx;c++;cppm;ixx;def;odl;idl;hpj;bat;asm;asmx</Extensions>
    </Filter>
    <Filter Include="Файлы заголовков">
      <UniqueIdentifier>{93995380-89BD-4b04-88EB-625FBE52EBFB}</UniqueIdentifier>
      <Extensions>h;hh;hpp;hxx;h++;hm;inl;inc;ipp;xsd</Extensions>
    </Filter>
    <Filter Include="Файлы ресурсов">
      <UniqueIdentifier>{67DA6AB6-F800-4c08-8B7A-83BB121AAD01}</UniqueIdentifier>
      <Extensions>rc;ico;cur;bmp;dlg;rc2;rct;bin;rgs;gif;jpg;jpeg;jpe;resx;tiff;tif;png;wav;mfcribbon-ms</Extensions>
    </Filter>
    <Filter Include="Файлы заголовков\Core">
      <UniqueIdentifier>{7f8949a5-3353-4464-8ed6-f6148eeee3cd}</UniqueIdentifier>
    </Filter>
    <Filter Include="Исходные файлы\Core">
      <UniqueIdentifier>{f055cdfa-b16d-4343-b8e3-3b78fe3e7225}</UniqueIdentifier>
    </Filter>
    <Filter Include="Файлы заголовков\Bean">
      <UniqueIdentifier>{a9f79220-cc32-45cc-890e-1f269d93032c}</UniqueIdentifier>
    </Filter>
    <Filter Include="Исходные файлы\Bean">
      <UniqueIdentifier>{40dcd7d4-5034-4c16-b529-0cc8b2f0af91}</UniqueIdentifier>
    </Filter>
    <Filter Include="Файлы заголовков\Gui">
      <UniqueIdentifier>{6898a2fb-c942-4f8d-9a1e-5b3cfb230b8b}</UniqueIdentifier>
    </Filter>
    <Filter Include="Исходные файлы\Gui">
      <UniqueIdentifier>{d1a6d5e1-2b43-428d-a5be-f354322a7f97}</UniqueIdentifier>
    </Filter>
    <Filter Include="Файлы заголовков\OsGui">
      <UniqueIdentifier>{4cc65761-542c-455c-9a0c-53241b2586b8}</UniqueIdentifier>
    </Filter>
    <Filter Include="Файлы заголовков\OsGui\Windows">
      <UniqueIdentifier>{4584c05c-02d5-4695-a802-fe074de2cbca}</UniqueIdentifier>
    </Filter>
    <Filter Include="Файлы заголовков\OsGui\Linux">
      <UniqueIdentifier>{a018b159-a960-402f-adf1-f0b3f9794d4e}</UniqueIdentifier>
    </Filter>
    <Filter Include="Файлы заголовков\Painter">
      <UniqueIdentifier>{ad50eefb-8bc4-43cf-8bbe-66aa23e9bfaa}</UniqueIdentifier>
    </Filter>
    <Filter Include="Файлы заголовков\Painter\Windows">
      <UniqueIdentifier>{e0d06734-0c54-4d62-86a8-5666f5c7afbd}</UniqueIdentifier>
    </Filter>
    <Filter Include="Файлы заголовков\Painter\Linux">
      <UniqueIdentifier>{821a5c4a-dd1e-42f7-bb82-64f131bd79f3}</UniqueIdentifier>
    </Filter>
    <Filter Include="Исходные файлы\OsGui">
      <UniqueIdentifier>{347afd4a-b1b6-4777-baa1-88cdb945c1bf}</UniqueIdentifier>
    </Filter>
  </ItemGroup>
  <ItemGroup>
    <ClCompile Include="dllmain.cpp">
      <Filter>Исходные файлы</Filter>
    </ClCompile>
    <ClCompile Include="Core\Object.cpp">
      <Filter>Исходные файлы\Core</Filter>
    </ClCompile>
    <ClCompile Include="Bean\Exception.cpp">
      <Filter>Исходные файлы\Bean</Filter>
    </ClCompile>
    <ClCompile Include="Core\EventHandler.cpp">
      <Filter>Исходные файлы\Core</Filter>
    </ClCompile>
    <ClCompile Include="Gui\Widget.cpp">
      <Filter>Исходные файлы\Gui</Filter>
    </ClCompile>
    <ClCompile Include="OsGui\IWindow.cpp">
      <Filter>Исходные файлы\OsGui</Filter>
    </ClCompile>
  </ItemGroup>
  <ItemGroup>
    <ClInclude Include="Bean\Config.h">
      <Filter>Файлы заголовков\Bean</Filter>
    </ClInclude>
    <ClInclude Include="Core\Object.h">
      <Filter>Файлы заголовков\Core</Filter>
    </ClInclude>
    <ClInclude Include="Bean\Exception.h">
      <Filter>Файлы заголовков\Bean</Filter>
    </ClInclude>
    <ClInclude Include="Core\EventHandler.h">
      <Filter>Файлы заголовков\Core</Filter>
    </ClInclude>
    <ClInclude Include="Gui\Widget.h">
      <Filter>Файлы заголовков\Gui</Filter>
    </ClInclude>
    <ClInclude Include="OsGui\IWindow.h">
      <Filter>Файлы заголовков\OsGui</Filter>
    </ClInclude>
    <ClInclude Include="OsGui\Windows\WindowWin32.h">
      <Filter>Файлы заголовков\OsGui\Windows</Filter>
    </ClInclude>
    <ClInclude Include="OsGui\WindowFactory.h">
      <Filter>Файлы заголовков\OsGui</Filter>
    </ClInclude>
    <ClInclude Include="Painter\IPainter.h">
      <Filter>Файлы заголовков\Painter</Filter>
    </ClInclude>
    <ClInclude Include="Painter\PainterFactory.h">
      <Filter>Файлы заголовков\Painter</Filter>
    </ClInclude>
  </ItemGroup>
</Project>